<?xml version="1.0" encoding="UTF-8"?>
<CodeBlocks_project_file>
	<FileVersion major="1" minor="6"/>
	<Project>
		<Option title="bomberman"/>
		<Option makefile_is_custom="1"/>
		<Option compiler="gcc"/>
		<Option virtualFolders="CMake Files\;"/>
		<Build>
			<Target title="all">
				<Option working_dir="/home/seb/Client"/>
				<Option type="4"/>
				<MakeCommands>
					<Build command="/usr/bin/make -f &quot;/home/seb/Client/Makefile&quot;  VERBOSE=1 all"/>
					<CompileFile command="/usr/bin/make -f &quot;/home/seb/Client/Makefile&quot;  VERBOSE=1 &quot;$file&quot;"/>
					<Clean command="/usr/bin/make -f &quot;/home/seb/Client/Makefile&quot;  VERBOSE=1 clean"/>
					<DistClean command="/usr/bin/make -f &quot;/home/seb/Client/Makefile&quot;  VERBOSE=1 clean"/>
				</MakeCommands>
			</Target>
			<Target title="rebuild_cache">
				<Option working_dir="/home/seb/Client"/>
				<Option type="4"/>
				<MakeCommands>
					<Build command="/usr/bin/make -f &quot;/home/seb/Client/Makefile&quot;  VERBOSE=1 rebuild_cache"/>
					<CompileFile command="/usr/bin/make -f &quot;/home/seb/Client/Makefile&quot;  VERBOSE=1 &quot;$file&quot;"/>
					<Clean command="/usr/bin/make -f &quot;/home/seb/Client/Makefile&quot;  VERBOSE=1 clean"/>
					<DistClean command="/usr/bin/make -f &quot;/home/seb/Client/Makefile&quot;  VERBOSE=1 clean"/>
				</MakeCommands>
			</Target>
			<Target title="edit_cache">
				<Option working_dir="/home/seb/Client"/>
				<Option type="4"/>
				<MakeCommands>
					<Build command="/usr/bin/make -f &quot;/home/seb/Client/Makefile&quot;  VERBOSE=1 edit_cache"/>
					<CompileFile command="/usr/bin/make -f &quot;/home/seb/Client/Makefile&quot;  VERBOSE=1 &quot;$file&quot;"/>
					<Clean command="/usr/bin/make -f &quot;/home/seb/Client/Makefile&quot;  VERBOSE=1 clean"/>
					<DistClean command="/usr/bin/make -f &quot;/home/seb/Client/Makefile&quot;  VERBOSE=1 clean"/>
				</MakeCommands>
			</Target>
			<Target title="bomberman">
				<Option output="/home/seb/Client/bomberman" prefix_auto="0" extension_auto="0"/>
				<Option working_dir="/home/seb/Client"/>
				<Option object_output="./"/>
				<Option type="1"/>
				<Option compiler="gcc"/>
				<Compiler>
					<Add directory="/home/seb/Client/libs"/>
					<Add directory="/home/seb/Client/libs/Json/includes"/>
					<Add directory="/home/seb/Client/libs/Json/srcs/Entity"/>
					<Add directory="/home/seb/Client/libs/Json/srcs/Parser"/>
					<Add directory="/home/seb/Client/srcs"/>
					<Add directory="/home/seb/Client/irrKlang"/>
				</Compiler>
				<MakeCommands>
					<Build command="/usr/bin/make -f &quot;/home/seb/Client/Makefile&quot;  VERBOSE=1 bomberman"/>
					<CompileFile command="/usr/bin/make -f &quot;/home/seb/Client/Makefile&quot;  VERBOSE=1 &quot;$file&quot;"/>
					<Clean command="/usr/bin/make -f &quot;/home/seb/Client/Makefile&quot;  VERBOSE=1 clean"/>
					<DistClean command="/usr/bin/make -f &quot;/home/seb/Client/Makefile&quot;  VERBOSE=1 clean"/>
				</MakeCommands>
			</Target>
			<Target title="bomberman/fast">
				<Option output="/home/seb/Client/bomberman" prefix_auto="0" extension_auto="0"/>
				<Option working_dir="/home/seb/Client"/>
				<Option object_output="./"/>
				<Option type="1"/>
				<Option compiler="gcc"/>
				<Compiler>
					<Add directory="/home/seb/Client/libs"/>
					<Add directory="/home/seb/Client/libs/Json/includes"/>
					<Add directory="/home/seb/Client/libs/Json/srcs/Entity"/>
					<Add directory="/home/seb/Client/libs/Json/srcs/Parser"/>
					<Add directory="/home/seb/Client/srcs"/>
					<Add directory="/home/seb/Client/irrKlang"/>
				</Compiler>
				<MakeCommands>
					<Build command="/usr/bin/make -f &quot;/home/seb/Client/Makefile&quot;  VERBOSE=1 bomberman/fast"/>
					<CompileFile command="/usr/bin/make -f &quot;/home/seb/Client/Makefile&quot;  VERBOSE=1 &quot;$file&quot;"/>
					<Clean command="/usr/bin/make -f &quot;/home/seb/Client/Makefile&quot;  VERBOSE=1 clean"/>
					<DistClean command="/usr/bin/make -f &quot;/home/seb/Client/Makefile&quot;  VERBOSE=1 clean"/>
				</MakeCommands>
			</Target>
		</Build>
		<Unit filename="/home/seb/Client/srcs/Constructors/BeingConsruct.hpp">
			<Option target="bomberman"/>
		</Unit>
		<Unit filename="/home/seb/Client/srcs/ECS/Component/Component.tpp">
			<Option target="bomberman"/>
		</Unit>
		<Unit filename="/home/seb/Client/srcs/ECS/Entity/Entity.cpp">
			<Option target="bomberman"/>
		</Unit>
		<Unit filename="/home/seb/Client/srcs/ECS/Entity/Entity.hpp">
			<Option target="bomberman"/>
		</Unit>
		<Unit filename="/home/seb/Client/srcs/ECS/Entity/Entity.tpp">
			<Option target="bomberman"/>
		</Unit>
		<Unit filename="/home/seb/Client/srcs/ECS/Entity/Filter.tpp">
			<Option target="bomberman"/>
		</Unit>
		<Unit filename="/home/seb/Client/srcs/Game/Game.cpp">
			<Option target="bomberman"/>
		</Unit>
		<Unit filename="/home/seb/Client/srcs/Game/Game.hpp">
			<Option target="bomberman"/>
		</Unit>
		<Unit filename="/home/seb/Client/srcs/Graphical/EventReceiver.cpp">
			<Option target="bomberman"/>
		</Unit>
		<Unit filename="/home/seb/Client/srcs/Graphical/EventReceiver.hpp">
			<Option target="bomberman"/>
		</Unit>
		<Unit filename="/home/seb/Client/srcs/Main.cpp">
			<Option target="bomberman"/>
		</Unit>
		<Unit filename="/home/seb/Client/srcs/MapGen/mapGen.cpp">
			<Option target="bomberman"/>
		</Unit>
		<Unit filename="/home/seb/Client/srcs/MapGen/mapGen.hpp">
			<Option target="bomberman"/>
		</Unit>
		<Unit filename="/home/seb/Client/srcs/Settings/Inputs.cpp">
			<Option target="bomberman"/>
		</Unit>
		<Unit filename="/home/seb/Client/srcs/Settings/Inputs.hpp">
			<Option target="bomberman"/>
		</Unit>
		<Unit filename="/home/seb/Client/srcs/Settings/Settings.cpp">
			<Option target="bomberman"/>
		</Unit>
		<Unit filename="/home/seb/Client/srcs/Settings/Settings.hpp">
			<Option target="bomberman"/>
		</Unit>
		<Unit filename="/home/seb/Client/srcs/System/Ai.cpp">
			<Option target="bomberman"/>
		</Unit>
		<Unit filename="/home/seb/Client/srcs/System/Ai.hpp">
			<Option target="bomberman"/>
		</Unit>
		<Unit filename="/home/seb/Client/srcs/System/Being.cpp">
			<Option target="bomberman"/>
		</Unit>
		<Unit filename="/home/seb/Client/srcs/System/Being.hpp">
			<Option target="bomberman"/>
		</Unit>
		<Unit filename="/home/seb/Client/srcs/System/Collider.cpp">
			<Option target="bomberman"/>
		</Unit>
		<Unit filename="/home/seb/Client/srcs/System/Collider.hpp">
			<Option target="bomberman"/>
		</Unit>
		<Unit filename="/home/seb/Client/srcs/System/Create.cpp">
			<Option target="bomberman"/>
		</Unit>
		<Unit filename="/home/seb/Client/srcs/System/Create.hpp">
			<Option target="bomberman"/>
		</Unit>
		<Unit filename="/home/seb/Client/srcs/System/UpdateDeplacement.cpp">
			<Option target="bomberman"/>
		</Unit>
		<Unit filename="/home/seb/Client/CMakeLists.txt">
			<Option virtualFolder="CMake Files\"/>
		</Unit>
	</Project>
</CodeBlocks_project_file>
