<?xml version="1.0" encoding="UTF-8"?>
<CodeBlocks_project_file>
	<FileVersion major="1" minor="6"/>
	<Project>
		<Option title="Client"/>
		<Option makefile_is_custom="1"/>
		<Option compiler="gcc"/>
		<Option virtualFolders="CMake Files\;"/>
		<Build>
			<Target title="all">
				<Option working_dir="/home/seb/tmp/Client"/>
				<Option type="4"/>
				<MakeCommands>
					<Build command="/usr/bin/make -f &quot;/home/seb/tmp/Client/Makefile&quot;  VERBOSE=1 all"/>
					<CompileFile command="/usr/bin/make -f &quot;/home/seb/tmp/Client/Makefile&quot;  VERBOSE=1 &quot;$file&quot;"/>
					<Clean command="/usr/bin/make -f &quot;/home/seb/tmp/Client/Makefile&quot;  VERBOSE=1 clean"/>
					<DistClean command="/usr/bin/make -f &quot;/home/seb/tmp/Client/Makefile&quot;  VERBOSE=1 clean"/>
				</MakeCommands>
			</Target>
			<Target title="rebuild_cache">
				<Option working_dir="/home/seb/tmp/Client"/>
				<Option type="4"/>
				<MakeCommands>
					<Build command="/usr/bin/make -f &quot;/home/seb/tmp/Client/Makefile&quot;  VERBOSE=1 rebuild_cache"/>
					<CompileFile command="/usr/bin/make -f &quot;/home/seb/tmp/Client/Makefile&quot;  VERBOSE=1 &quot;$file&quot;"/>
					<Clean command="/usr/bin/make -f &quot;/home/seb/tmp/Client/Makefile&quot;  VERBOSE=1 clean"/>
					<DistClean command="/usr/bin/make -f &quot;/home/seb/tmp/Client/Makefile&quot;  VERBOSE=1 clean"/>
				</MakeCommands>
			</Target>
			<Target title="edit_cache">
				<Option working_dir="/home/seb/tmp/Client"/>
				<Option type="4"/>
				<MakeCommands>
					<Build command="/usr/bin/make -f &quot;/home/seb/tmp/Client/Makefile&quot;  VERBOSE=1 edit_cache"/>
					<CompileFile command="/usr/bin/make -f &quot;/home/seb/tmp/Client/Makefile&quot;  VERBOSE=1 &quot;$file&quot;"/>
					<Clean command="/usr/bin/make -f &quot;/home/seb/tmp/Client/Makefile&quot;  VERBOSE=1 clean"/>
					<DistClean command="/usr/bin/make -f &quot;/home/seb/tmp/Client/Makefile&quot;  VERBOSE=1 clean"/>
				</MakeCommands>
			</Target>
			<Target title="Client">
				<Option output="/home/seb/tmp/Client/Client" prefix_auto="0" extension_auto="0"/>
				<Option working_dir="/home/seb/tmp/Client"/>
				<Option object_output="./"/>
				<Option type="1"/>
				<Option compiler="gcc"/>
				<Compiler>
					<Add directory="/home/seb/tmp/Client/libs"/>
					<Add directory="/home/seb/tmp/Client/libs/Json/srcs"/>
					<Add directory="/home/seb/tmp/Client/libs/Json/srcs/Entity"/>
					<Add directory="/home/seb/tmp/Client/libs/Json/srcs/Parser"/>
					<Add directory="/home/seb/tmp/Client/libs/Json/tests/Parser/srcs/Entity"/>
					<Add directory="/home/seb/tmp/Client/libs/Json/tests/Parser/srcs/Parser"/>
					<Add directory="/home/seb/tmp/Client/libs/SmartEvent/srcs"/>
					<Add directory="/home/seb/tmp/Client/libs/SmartEvent/srcs/Event"/>
					<Add directory="/home/seb/tmp/Client/libs/SmartEvent/srcs/HdlCollector"/>
					<Add directory="/home/seb/tmp/Client/libs/SmartEvent/srcs/Manager"/>
					<Add directory="/home/seb/tmp/Client/srcs"/>
					<Add directory="/home/seb/tmp/Client/srcs/Component"/>
					<Add directory="/home/seb/tmp/Client/srcs/Console"/>
					<Add directory="/home/seb/tmp/Client/srcs/ECS/Component"/>
					<Add directory="/home/seb/tmp/Client/srcs/ECS/Entity"/>
					<Add directory="/home/seb/tmp/Client/srcs/Game"/>
					<Add directory="/home/seb/tmp/Client/srcs/Graphical"/>
					<Add directory="/home/seb/tmp/Client/srcs/MapGen"/>
					<Add directory="/home/seb/tmp/Client/srcs/Settings"/>
					<Add directory="/home/seb/tmp/Client/srcs/System"/>
					<Add directory="/home/seb/tmp/Client/srcs/Systems"/>
					<Add directory="/home/seb/tmp/Client/tests/basicECS"/>
				</Compiler>
				<MakeCommands>
					<Build command="/usr/bin/make -f &quot;/home/seb/tmp/Client/Makefile&quot;  VERBOSE=1 Client"/>
					<CompileFile command="/usr/bin/make -f &quot;/home/seb/tmp/Client/Makefile&quot;  VERBOSE=1 &quot;$file&quot;"/>
					<Clean command="/usr/bin/make -f &quot;/home/seb/tmp/Client/Makefile&quot;  VERBOSE=1 clean"/>
					<DistClean command="/usr/bin/make -f &quot;/home/seb/tmp/Client/Makefile&quot;  VERBOSE=1 clean"/>
				</MakeCommands>
			</Target>
			<Target title="Client/fast">
				<Option output="/home/seb/tmp/Client/Client" prefix_auto="0" extension_auto="0"/>
				<Option working_dir="/home/seb/tmp/Client"/>
				<Option object_output="./"/>
				<Option type="1"/>
				<Option compiler="gcc"/>
				<Compiler>
					<Add directory="/home/seb/tmp/Client/libs"/>
					<Add directory="/home/seb/tmp/Client/libs/Json/srcs"/>
					<Add directory="/home/seb/tmp/Client/libs/Json/srcs/Entity"/>
					<Add directory="/home/seb/tmp/Client/libs/Json/srcs/Parser"/>
					<Add directory="/home/seb/tmp/Client/libs/Json/tests/Parser/srcs/Entity"/>
					<Add directory="/home/seb/tmp/Client/libs/Json/tests/Parser/srcs/Parser"/>
					<Add directory="/home/seb/tmp/Client/libs/SmartEvent/srcs"/>
					<Add directory="/home/seb/tmp/Client/libs/SmartEvent/srcs/Event"/>
					<Add directory="/home/seb/tmp/Client/libs/SmartEvent/srcs/HdlCollector"/>
					<Add directory="/home/seb/tmp/Client/libs/SmartEvent/srcs/Manager"/>
					<Add directory="/home/seb/tmp/Client/srcs"/>
					<Add directory="/home/seb/tmp/Client/srcs/Component"/>
					<Add directory="/home/seb/tmp/Client/srcs/Console"/>
					<Add directory="/home/seb/tmp/Client/srcs/ECS/Component"/>
					<Add directory="/home/seb/tmp/Client/srcs/ECS/Entity"/>
					<Add directory="/home/seb/tmp/Client/srcs/Game"/>
					<Add directory="/home/seb/tmp/Client/srcs/Graphical"/>
					<Add directory="/home/seb/tmp/Client/srcs/MapGen"/>
					<Add directory="/home/seb/tmp/Client/srcs/Settings"/>
					<Add directory="/home/seb/tmp/Client/srcs/System"/>
					<Add directory="/home/seb/tmp/Client/srcs/Systems"/>
					<Add directory="/home/seb/tmp/Client/tests/basicECS"/>
				</Compiler>
				<MakeCommands>
					<Build command="/usr/bin/make -f &quot;/home/seb/tmp/Client/Makefile&quot;  VERBOSE=1 Client/fast"/>
					<CompileFile command="/usr/bin/make -f &quot;/home/seb/tmp/Client/Makefile&quot;  VERBOSE=1 &quot;$file&quot;"/>
					<Clean command="/usr/bin/make -f &quot;/home/seb/tmp/Client/Makefile&quot;  VERBOSE=1 clean"/>
					<DistClean command="/usr/bin/make -f &quot;/home/seb/tmp/Client/Makefile&quot;  VERBOSE=1 clean"/>
				</MakeCommands>
			</Target>
		</Build>
		<Unit filename="/home/seb/tmp/Client/libs/Json/srcs/Entity/Entity.cpp">
			<Option target="Client"/>
		</Unit>
		<Unit filename="/home/seb/tmp/Client/libs/Json/srcs/Entity/Entity.hpp">
			<Option target="Client"/>
		</Unit>
		<Unit filename="/home/seb/tmp/Client/libs/Json/srcs/Parser/Parser.cpp">
			<Option target="Client"/>
		</Unit>
		<Unit filename="/home/seb/tmp/Client/libs/Json/srcs/Parser/Parser.hpp">
			<Option target="Client"/>
		</Unit>
		<Unit filename="/home/seb/tmp/Client/libs/Json/tests/Entity/main.cpp">
			<Option target="Client"/>
		</Unit>
		<Unit filename="/home/seb/tmp/Client/libs/Json/tests/Parser/main.cpp">
			<Option target="Client"/>
		</Unit>
		<Unit filename="/home/seb/tmp/Client/libs/Json/tests/Parser/srcs/Entity/Entity.cpp">
			<Option target="Client"/>
		</Unit>
		<Unit filename="/home/seb/tmp/Client/libs/Json/tests/Parser/srcs/Entity/Entity.hpp">
			<Option target="Client"/>
		</Unit>
		<Unit filename="/home/seb/tmp/Client/libs/Json/tests/Parser/srcs/Parser/Parser.cpp">
			<Option target="Client"/>
		</Unit>
		<Unit filename="/home/seb/tmp/Client/libs/Json/tests/Parser/srcs/Parser/Parser.hpp">
			<Option target="Client"/>
		</Unit>
		<Unit filename="/home/seb/tmp/Client/libs/SmartEvent/srcs/Event/Event.cpp">
			<Option target="Client"/>
		</Unit>
		<Unit filename="/home/seb/tmp/Client/libs/SmartEvent/srcs/Event/Event.hpp">
			<Option target="Client"/>
		</Unit>
		<Unit filename="/home/seb/tmp/Client/libs/SmartEvent/srcs/HdlCollector/HdlCollector.cpp">
			<Option target="Client"/>
		</Unit>
		<Unit filename="/home/seb/tmp/Client/libs/SmartEvent/srcs/HdlCollector/HdlCollector.hpp">
			<Option target="Client"/>
		</Unit>
		<Unit filename="/home/seb/tmp/Client/libs/SmartEvent/srcs/Manager/Manager.hpp">
			<Option target="Client"/>
		</Unit>
		<Unit filename="/home/seb/tmp/Client/libs/SmartEvent/tests/Event/main.cpp">
			<Option target="Client"/>
		</Unit>
		<Unit filename="/home/seb/tmp/Client/libs/SmartEvent/tests/HdlCollector/main.cpp">
			<Option target="Client"/>
		</Unit>
		<Unit filename="/home/seb/tmp/Client/srcs/Component/AttributeBomb.hpp">
			<Option target="Client"/>
		</Unit>
		<Unit filename="/home/seb/tmp/Client/srcs/Component/Basics.hpp">
			<Option target="Client"/>
		</Unit>
		<Unit filename="/home/seb/tmp/Client/srcs/Component/Being.hpp">
			<Option target="Client"/>
		</Unit>
		<Unit filename="/home/seb/tmp/Client/srcs/Component/BoxCollider.hpp">
			<Option target="Client"/>
		</Unit>
		<Unit filename="/home/seb/tmp/Client/srcs/Component/Camera.hpp">
			<Option target="Client"/>
		</Unit>
		<Unit filename="/home/seb/tmp/Client/srcs/Component/Controller360.hpp">
			<Option target="Client"/>
		</Unit>
		<Unit filename="/home/seb/tmp/Client/srcs/Component/Explosion.hpp">
			<Option target="Client"/>
		</Unit>
		<Unit filename="/home/seb/tmp/Client/srcs/Component/Graphicals.hpp">
			<Option target="Client"/>
		</Unit>
		<Unit filename="/home/seb/tmp/Client/srcs/Component/Keyboard.hpp">
			<Option target="Client"/>
		</Unit>
		<Unit filename="/home/seb/tmp/Client/srcs/Component/UnanimatedObject.hpp">
			<Option target="Client"/>
		</Unit>
		<Unit filename="/home/seb/tmp/Client/srcs/Console/Console.cpp">
			<Option target="Client"/>
		</Unit>
		<Unit filename="/home/seb/tmp/Client/srcs/Console/Console.hpp">
			<Option target="Client"/>
		</Unit>
		<Unit filename="/home/seb/tmp/Client/srcs/ECS/Component/Component.hpp">
			<Option target="Client"/>
		</Unit>
		<Unit filename="/home/seb/tmp/Client/srcs/ECS/Component/Component.tpp">
			<Option target="Client"/>
		</Unit>
		<Unit filename="/home/seb/tmp/Client/srcs/ECS/Entity/Entity.cpp">
			<Option target="Client"/>
		</Unit>
		<Unit filename="/home/seb/tmp/Client/srcs/ECS/Entity/Entity.hpp">
			<Option target="Client"/>
		</Unit>
		<Unit filename="/home/seb/tmp/Client/srcs/ECS/Entity/Entity.tpp">
			<Option target="Client"/>
		</Unit>
		<Unit filename="/home/seb/tmp/Client/srcs/ECS/Entity/EntityErrors.hpp">
			<Option target="Client"/>
		</Unit>
		<Unit filename="/home/seb/tmp/Client/srcs/ECS/Entity/Filter.hpp">
			<Option target="Client"/>
		</Unit>
		<Unit filename="/home/seb/tmp/Client/srcs/ECS/Entity/Filter.tpp">
			<Option target="Client"/>
		</Unit>
		<Unit filename="/home/seb/tmp/Client/srcs/Game/Game.cpp">
			<Option target="Client"/>
		</Unit>
		<Unit filename="/home/seb/tmp/Client/srcs/Game/Game.hpp">
			<Option target="Client"/>
		</Unit>
		<Unit filename="/home/seb/tmp/Client/srcs/Game/Score.hpp">
			<Option target="Client"/>
		</Unit>
		<Unit filename="/home/seb/tmp/Client/srcs/Game/Settings.hpp">
			<Option target="Client"/>
		</Unit>
		<Unit filename="/home/seb/tmp/Client/srcs/Graphical/EventReceiver.cpp">
			<Option target="Client"/>
		</Unit>
		<Unit filename="/home/seb/tmp/Client/srcs/Graphical/EventReceiver.hpp">
			<Option target="Client"/>
		</Unit>
		<Unit filename="/home/seb/tmp/Client/srcs/MapGen/mapGen.cpp">
			<Option target="Client"/>
		</Unit>
		<Unit filename="/home/seb/tmp/Client/srcs/MapGen/mapGen.hpp">
			<Option target="Client"/>
		</Unit>
		<Unit filename="/home/seb/tmp/Client/srcs/Settings/Inputs.cpp">
			<Option target="Client"/>
		</Unit>
		<Unit filename="/home/seb/tmp/Client/srcs/Settings/Inputs.hpp">
			<Option target="Client"/>
		</Unit>
		<Unit filename="/home/seb/tmp/Client/srcs/Settings/Settings.cpp">
			<Option target="Client"/>
		</Unit>
		<Unit filename="/home/seb/tmp/Client/srcs/Settings/Settings.hpp">
			<Option target="Client"/>
		</Unit>
		<Unit filename="/home/seb/tmp/Client/srcs/System/Being.cpp">
			<Option target="Client"/>
		</Unit>
		<Unit filename="/home/seb/tmp/Client/srcs/System/Being.hpp">
			<Option target="Client"/>
		</Unit>
		<Unit filename="/home/seb/tmp/Client/srcs/System/Create.cpp">
			<Option target="Client"/>
		</Unit>
		<Unit filename="/home/seb/tmp/Client/srcs/System/Create.hpp">
			<Option target="Client"/>
		</Unit>
		<Unit filename="/home/seb/tmp/Client/srcs/System/Destroyer.hpp">
			<Option target="Client"/>
		</Unit>
		<Unit filename="/home/seb/tmp/Client/srcs/System/Event.hpp">
			<Option target="Client"/>
		</Unit>
		<Unit filename="/home/seb/tmp/Client/srcs/System/EventManager.cpp">
			<Option target="Client"/>
		</Unit>
		<Unit filename="/home/seb/tmp/Client/srcs/System/Explode.hpp">
			<Option target="Client"/>
		</Unit>
		<Unit filename="/home/seb/tmp/Client/srcs/System/Update.hpp">
			<Option target="Client"/>
		</Unit>
		<Unit filename="/home/seb/tmp/Client/srcs/System/UpdateDeplacement.cpp">
			<Option target="Client"/>
		</Unit>
		<Unit filename="/home/seb/tmp/Client/srcs/Systems/SystemExplode.hpp">
			<Option target="Client"/>
		</Unit>
		<Unit filename="/home/seb/tmp/Client/tests/basicECS/Components.hpp">
			<Option target="Client"/>
		</Unit>
		<Unit filename="/home/seb/tmp/Client/tests/basicECS/Systems.hpp">
			<Option target="Client"/>
		</Unit>
		<Unit filename="/home/seb/tmp/Client/tests/bla.cpp">
			<Option target="Client"/>
		</Unit>
		<Unit filename="/home/seb/tmp/Client/tests/graphicalTest/test.cpp">
			<Option target="Client"/>
		</Unit>
		<Unit filename="/home/seb/tmp/Client/CMakeLists.txt">
			<Option virtualFolder="CMake Files\"/>
		</Unit>
	</Project>
</CodeBlocks_project_file>
